PODS:
  - PodIJKMedia (0.2.2):
    - PodIJKMedia/Core (= 0.2.2)
  - PodIJKMedia/Core (0.2.2)

DEPENDENCIES:
  - PodIJKMedia (from `../PodIJKMedia.podspec`)

EXTERNAL SOURCES:
  PodIJKMedia:
    :podspec: "../PodIJKMedia.podspec"

CHECKOUT OPTIONS:
  PodIJKMedia:
    :commit: f7ec126c4ee2f962a0477f26d4b733cee78751a7
    :git: https://github.com/microspaze/PodIJKMedia.git

SPEC CHECKSUMS:
  PodIJKMedia: 403aad7409d6aa95b06cfb1d366b0c5e6084e5d3

PODFILE CHECKSUM: 1ddae459a72d829abef2681ea7a1055aeb3e9323

COCOAPODS: 1.16.2
